// !$*UTF8*$!
{
	archiveVersion = 1;
	classes = {
	};
	objectVersion = 46;
	objects = {

/* Begin PBXBuildFile section */
		94B7F7E71D593F1400BCF2DB /* AppDelegate.swift in Sources */ = {isa = PBXBuildFile; fileRef = 94B7F7E61D593F1400BCF2DB /* AppDelegate.swift */; };
		94B7F7E91D593F1400BCF2DB /* ViewController.swift in Sources */ = {isa = PBXBuildFile; fileRef = 94B7F7E81D593F1400BCF2DB /* ViewController.swift */; };
		94B7F7EC1D593F1400BCF2DB /* Main.storyboard in Resources */ = {isa = PBXBuildFile; fileRef = 94B7F7EA1D593F1400BCF2DB /* Main.storyboard */; };
		94B7F7EE1D593F1400BCF2DB /* Assets.xcassets in Resources */ = {isa = PBXBuildFile; fileRef = 94B7F7ED1D593F1400BCF2DB /* Assets.xcassets */; };
		94B7F7F11D593F1400BCF2DB /* LaunchScreen.storyboard in Resources */ = {isa = PBXBuildFile; fileRef = 94B7F7EF1D593F1400BCF2DB /* LaunchScreen.storyboard */; };
		94B7F7FC1D593F1500BCF2DB /* class1_simple_appTests.swift in Sources */ = {isa = PBXBuildFile; fileRef = 94B7F7FB1D593F1500BCF2DB /* class1_simple_appTests.swift */; };
		94B7F8071D593F1500BCF2DB /* class1_simple_appUITests.swift in Sources */ = {isa = PBXBuildFile; fileRef = 94B7F8061D593F1500BCF2DB /* class1_simple_appUITests.swift */; };
		94B7F8181D595F6B00BCF2DB /* ViewController2.swift in Sources */ = {isa = PBXBuildFile; fileRef = 94B7F8171D595F6B00BCF2DB /* ViewController2.swift */; };
/* End PBXBuildFile section */

/* Begin PBXContainerItemProxy section */
		94B7F7F81D593F1500BCF2DB /* PBXContainerItemProxy */ = {
			isa = PBXContainerItemProxy;
			containerPortal = 94B7F7DB1D593F1400BCF2DB /* Project object */;
			proxyType = 1;
			remoteGlobalIDString = 94B7F7E21D593F1400BCF2DB;
			remoteInfo = class1_simple_app;
		};
		94B7F8031D593F1500BCF2DB /* PBXContainerItemProxy */ = {
			isa = PBXContainerItemProxy;
			containerPortal = 94B7F7DB1D593F1400BCF2DB /* Project object */;
			proxyType = 1;
			remoteGlobalIDString = 94B7F7E21D593F1400BCF2DB;
			remoteInfo = class1_simple_app;
		};
/* End PBXContainerItemProxy section */

/* Begin PBXFileReference section */
		94B7F7E31D593F1400BCF2DB /* class1_simple_app.app */ = {isa = PBXFileReference; explicitFileType = wrapper.application; includeInIndex = 0; path = class1_simple_app.app; sourceTree = BUILT_PRODUCTS_DIR; };
		94B7F7E61D593F1400BCF2DB /* AppDelegate.swift */ = {isa = PBXFileReference; lastKnownFileType = sourcecode.swift; path = AppDelegate.swift; sourceTree = "<group>"; };
		94B7F7E81D593F1400BCF2DB /* ViewController.swift */ = {isa = PBXFileReference; lastKnownFileType = sourcecode.swift; path = ViewController.swift; sourceTree = "<group>"; };
		94B7F7EB1D593F1400BCF2DB /* Base */ = {isa = PBXFileReference; lastKnownFileType = file.storyboard; name = Base; path = Base.lproj/Main.storyboard; sourceTree = "<group>"; };
		94B7F7ED1D593F1400BCF2DB /* Assets.xcassets */ = {isa = PBXFileReference; lastKnownFileType = folder.assetcatalog; path = Assets.xcassets; sourceTree = "<group>"; };
		94B7F7F01D593F1400BCF2DB /* Base */ = {isa = PBXFileReference; lastKnownFileType = file.storyboard; name = Base; path = Base.lproj/LaunchScreen.storyboard; sourceTree = "<group>"; };
		94B7F7F21D593F1400BCF2DB /* Info.plist */ = {isa = PBXFileReference; lastKnownFileType = text.plist.xml; path = Info.plist; sourceTree = "<group>"; };
		94B7F7F71D593F1500BCF2DB /* class1_simple_appTests.xctest */ = {isa = PBXFileReference; explicitFileType = wrapper.cfbundle; includeInIndex = 0; path = class1_simple_appTests.xctest; sourceTree = BUILT_PRODUCTS_DIR; };
		94B7F7FB1D593F1500BCF2DB /* class1_simple_appTests.swift */ = {isa = PBXFileReference; lastKnownFileType = sourcecode.swift; path = class1_simple_appTests.swift; sourceTree = "<group>"; };
		94B7F7FD1D593F1500BCF2DB /* Info.plist */ = {isa = PBXFileReference; lastKnownFileType = text.plist.xml; path = Info.plist; sourceTree = "<group>"; };
		94B7F8021D593F1500BCF2DB /* class1_simple_appUITests.xctest */ = {isa = PBXFileReference; explicitFileType = wrapper.cfbundle; includeInIndex = 0; path = class1_simple_appUITests.xctest; sourceTree = BUILT_PRODUCTS_DIR; };
		94B7F8061D593F1500BCF2DB /* class1_simple_appUITests.swift */ = {isa = PBXFileReference; lastKnownFileType = sourcecode.swift; path = class1_simple_appUITests.swift; sourceTree = "<group>"; };
		94B7F8081D593F1500BCF2DB /* Info.plist */ = {isa = PBXFileReference; lastKnownFileType = text.plist.xml; path = Info.plist; sourceTree = "<group>"; };
		94B7F8171D595F6B00BCF2DB /* ViewController2.swift */ = {isa = PBXFileReference; fileEncoding = 4; lastKnownFileType = sourcecode.swift; path = ViewController2.swift; sourceTree = "<group>"; };
/* End PBXFileReference section */

/* Begin PBXFrameworksBuildPhase section */
		94B7F7E01D593F1400BCF2DB /* Frameworks */ = {
			isa = PBXFrameworksBuildPhase;
			buildActionMask = 2147483647;
			files = (
			);
			runOnlyForDeploymentPostprocessing = 0;
		};
		94B7F7F41D593F1500BCF2DB /* Frameworks */ = {
			isa = PBXFrameworksBuildPhase;
			buildActionMask = 2147483647;
			files = (
			);
			runOnlyForDeploymentPostprocessing = 0;
		};
		94B7F7FF1D593F1500BCF2DB /* Frameworks */ = {
			isa = PBXFrameworksBuildPhase;
			buildActionMask = 2147483647;
			files = (
			);
			runOnlyForDeploymentPostprocessing = 0;
		};
/* End PBXFrameworksBuildPhase section */

/* Begin PBXGroup section */
		94B7F7DA1D593F1400BCF2DB = {
			isa = PBXGroup;
			children = (
				94B7F8141D5944DC00BCF2DB /* Images */,
				94B7F7E51D593F1400BCF2DB /* class1_simple_app */,
				94B7F7FA1D593F1500BCF2DB /* class1_simple_appTests */,
				94B7F8051D593F1500BCF2DB /* class1_simple_appUITests */,
				94B7F7E41D593F1400BCF2DB /* Products */,
			);
			sourceTree = "<group>";
		};
		94B7F7E41D593F1400BCF2DB /* Products */ = {
			isa = PBXGroup;
			children = (
				94B7F7E31D593F1400BCF2DB /* class1_simple_app.app */,
				94B7F7F71D593F1500BCF2DB /* class1_simple_appTests.xctest */,
				94B7F8021D593F1500BCF2DB /* class1_simple_appUITests.xctest */,
			);
			name = Products;
			sourceTree = "<group>";
		};
		94B7F7E51D593F1400BCF2DB /* class1_simple_app */ = {
			isa = PBXGroup;
			children = (
				94B7F7E61D593F1400BCF2DB /* AppDelegate.swift */,
				94B7F7E81D593F1400BCF2DB /* ViewController.swift */,
				94B7F7EA1D593F1400BCF2DB /* Main.storyboard */,
				94B7F8171D595F6B00BCF2DB /* ViewController2.swift */,
				94B7F7ED1D593F1400BCF2DB /* Assets.xcassets */,
				94B7F7EF1D593F1400BCF2DB /* LaunchScreen.storyboard */,
				94B7F7F21D593F1400BCF2DB /* Info.plist */,
			);
			path = class1_simple_app;
			sourceTree = "<group>";
		};
		94B7F7FA1D593F1500BCF2DB /* class1_simple_appTests */ = {
			isa = PBXGroup;
			children = (
				94B7F7FB1D593F1500BCF2DB /* class1_simple_appTests.swift */,
				94B7F7FD1D593F1500BCF2DB /* Info.plist */,
			);
			path = class1_simple_appTests;
			sourceTree = "<group>";
		};
		94B7F8051D593F1500BCF2DB /* class1_simple_appUITests */ = {
			isa = PBXGroup;
			children = (
				94B7F8061D593F1500BCF2DB /* class1_simple_appUITests.swift */,
				94B7F8081D593F1500BCF2DB /* Info.plist */,
			);
			path = class1_simple_appUITests;
			sourceTree = "<group>";
		};
		94B7F8141D5944DC00BCF2DB /* Images */ = {
			isa = PBXGroup;
			children = (
			);
			name = Images;
			sourceTree = "<group>";
		};
/* End PBXGroup section */

/* Begin PBXNativeTarget section */
		94B7F7E21D593F1400BCF2DB /* class1_simple_app */ = {
			isa = PBXNativeTarget;
			buildConfigurationList = 94B7F80B1D593F1500BCF2DB /* Build configuration list for PBXNativeTarget "class1_simple_app" */;
			buildPhases = (
				94B7F7DF1D593F1400BCF2DB /* Sources */,
				94B7F7E01D593F1400BCF2DB /* Frameworks */,
				94B7F7E11D593F1400BCF2DB /* Resources */,
			);
			buildRules = (
			);
			dependencies = (
			);
			name = class1_simple_app;
			productName = class1_simple_app;
			productReference = 94B7F7E31D593F1400BCF2DB /* class1_simple_app.app */;
			productType = "com.apple.product-type.application";
		};
		94B7F7F61D593F1500BCF2DB /* class1_simple_appTests */ = {
			isa = PBXNativeTarget;
			buildConfigurationList = 94B7F80E1D593F1500BCF2DB /* Build configuration list for PBXNativeTarget "class1_simple_appTests" */;
			buildPhases = (
				94B7F7F31D593F1500BCF2DB /* Sources */,
				94B7F7F41D593F1500BCF2DB /* Frameworks */,
				94B7F7F51D593F1500BCF2DB /* Resources */,
			);
			buildRules = (
			);
			dependencies = (
				94B7F7F91D593F1500BCF2DB /* PBXTargetDependency */,
			);
			name = class1_simple_appTests;
			productName = class1_simple_appTests;
			productReference = 94B7F7F71D593F1500BCF2DB /* class1_simple_appTests.xctest */;
			productType = "com.apple.product-type.bundle.unit-test";
		};
		94B7F8011D593F1500BCF2DB /* class1_simple_appUITests */ = {
			isa = PBXNativeTarget;
			buildConfigurationList = 94B7F8111D593F1500BCF2DB /* Build configuration list for PBXNativeTarget "class1_simple_appUITests" */;
			buildPhases = (
				94B7F7FE1D593F1500BCF2DB /* Sources */,
				94B7F7FF1D593F1500BCF2DB /* Frameworks */,
				94B7F8001D593F1500BCF2DB /* Resources */,
			);
			buildRules = (
			);
			dependencies = (
				94B7F8041D593F1500BCF2DB /* PBXTargetDependency */,
			);
			name = class1_simple_appUITests;
			productName = class1_simple_appUITests;
			productReference = 94B7F8021D593F1500BCF2DB /* class1_simple_appUITests.xctest */;
			productType = "com.apple.product-type.bundle.ui-testing";
		};
/* End PBXNativeTarget section */

/* Begin PBXProject section */
		94B7F7DB1D593F1400BCF2DB /* Project object */ = {
			isa = PBXProject;
			attributes = {
				LastSwiftUpdateCheck = 0730;
				LastUpgradeCheck = 0730;
				ORGANIZATIONNAME = "Matheus Marabesi";
				TargetAttributes = {
					94B7F7E21D593F1400BCF2DB = {
						CreatedOnToolsVersion = 7.3.1;
					};
					94B7F7F61D593F1500BCF2DB = {
						CreatedOnToolsVersion = 7.3.1;
						TestTargetID = 94B7F7E21D593F1400BCF2DB;
					};
					94B7F8011D593F1500BCF2DB = {
						CreatedOnToolsVersion = 7.3.1;
						TestTargetID = 94B7F7E21D593F1400BCF2DB;
					};
				};
			};
			buildConfigurationList = 94B7F7DE1D593F1400BCF2DB /* Build configuration list for PBXProject "class1_simple_app" */;
			compatibilityVersion = "Xcode 3.2";
			developmentRegion = English;
			hasScannedForEncodings = 0;
			knownRegions = (
				en,
				Base,
			);
			mainGroup = 94B7F7DA1D593F1400BCF2DB;
			productRefGroup = 94B7F7E41D593F1400BCF2DB /* Products */;
			projectDirPath = "";
			projectRoot = "";
			targets = (
				94B7F7E21D593F1400BCF2DB /* class1_simple_app */,
				94B7F7F61D593F1500BCF2DB /* class1_simple_appTests */,
				94B7F8011D593F1500BCF2DB /* class1_simple_appUITests */,
			);
		};
/* End PBXProject section */

/* Begin PBXResourcesBuildPhase section */
		94B7F7E11D593F1400BCF2DB /* Resources */ = {
			isa = PBXResourcesBuildPhase;
			buildActionMask = 2147483647;
			files = (
				94B7F7F11D593F1400BCF2DB /* LaunchScreen.storyboard in Resources */,
				94B7F7EE1D593F1400BCF2DB /* Assets.xcassets in Resources */,
				94B7F7EC1D593F1400BCF2DB /* Main.storyboard in Resources */,
			);
			runOnlyForDeploymentPostprocessing = 0;
		};
		94B7F7F51D593F1500BCF2DB /* Resources */ = {
			isa = PBXResourcesBuildPhase;
			buildActionMask = 2147483647;
			files = (
			);
			runOnlyForDeploymentPostprocessing = 0;
		};
		94B7F8001D593F1500BCF2DB /* Resources */ = {
			isa = PBXResourcesBuildPhase;
			buildActionMask = 2147483647;
			files = (
			);
			runOnlyForDeploymentPostprocessing = 0;
		};
/* End PBXResourcesBuildPhase section */

/* Begin PBXSourcesBuildPhase section */
		94B7F7DF1D593F1400BCF2DB /* Sources */ = {
			isa = PBXSourcesBuildPhase;
			buildActionMask = 2147483647;
			files = (
				94B7F7E91D593F1400BCF2DB /* ViewController.swift in Sources */,
				94B7F7E71D593F1400BCF2DB /* AppDelegate.swift in Sources */,
				94B7F8181D595F6B00BCF2DB /* ViewController2.swift in Sources */,
			);
			runOnlyForDeploymentPostprocessing = 0;
		};
		94B7F7F31D593F1500BCF2DB /* Sources */ = {
			isa = PBXSourcesBuildPhase;
			buildActionMask = 2147483647;
			files = (
				94B7F7FC1D593F1500BCF2DB /* class1_simple_appTests.swift in Sources */,
			);
			runOnlyForDeploymentPostprocessing = 0;
		};
		94B7F7FE1D593F1500BCF2DB /* Sources */ = {
			isa = PBXSourcesBuildPhase;
			buildActionMask = 2147483647;
			files = (
				94B7F8071D593F1500BCF2DB /* class1_simple_appUITests.swift in Sources */,
			);
			runOnlyForDeploymentPostprocessing = 0;
		};
/* End PBXSourcesBuildPhase section */

/* Begin PBXTargetDependency section */
		94B7F7F91D593F1500BCF2DB /* PBXTargetDependency */ = {
			isa = PBXTargetDependency;
			target = 94B7F7E21D593F1400BCF2DB /* class1_simple_app */;
			targetProxy = 94B7F7F81D593F1500BCF2DB /* PBXContainerItemProxy */;
		};
		94B7F8041D593F1500BCF2DB /* PBXTargetDependency */ = {
			isa = PBXTargetDependency;
			target = 94B7F7E21D593F1400BCF2DB /* class1_simple_app */;
			targetProxy = 94B7F8031D593F1500BCF2DB /* PBXContainerItemProxy */;
		};
/* End PBXTargetDependency section */

/* Begin PBXVariantGroup section */
		94B7F7EA1D593F1400BCF2DB /* Main.storyboard */ = {
			isa = PBXVariantGroup;
			children = (
				94B7F7EB1D593F1400BCF2DB /* Base */,
			);
			name = Main.storyboard;
			sourceTree = "<group>";
		};
		94B7F7EF1D593F1400BCF2DB /* LaunchScreen.storyboard */ = {
			isa = PBXVariantGroup;
			children = (
				94B7F7F01D593F1400BCF2DB /* Base */,
			);
			name = LaunchScreen.storyboard;
			sourceTree = "<group>";
		};
/* End PBXVariantGroup section */

/* Begin XCBuildConfiguration section */
		94B7F8091D593F1500BCF2DB /* Debug */ = {
			isa = XCBuildConfiguration;
			buildSettings = {
				ALWAYS_SEARCH_USER_PATHS = NO;
				CLANG_ANALYZER_NONNULL = YES;
				CLANG_CXX_LANGUAGE_STANDARD = "gnu++0x";
				CLANG_CXX_LIBRARY = "libc++";
				CLANG_ENABLE_MODULES = YES;
				CLANG_ENABLE_OBJC_ARC = YES;
				CLANG_WARN_BOOL_CONVERSION = YES;
				CLANG_WARN_CONSTANT_CONVERSION = YES;
				CLANG_WARN_DIRECT_OBJC_ISA_USAGE = YES_ERROR;
				CLANG_WARN_EMPTY_BODY = YES;
				CLANG_WARN_ENUM_CONVERSION = YES;
				CLANG_WARN_INT_CONVERSION = YES;
				CLANG_WARN_OBJC_ROOT_CLASS = YES_ERROR;
				CLANG_WARN_UNREACHABLE_CODE = YES;
				CLANG_WARN__DUPLICATE_METHOD_MATCH = YES;
				"CODE_SIGN_IDENTITY[sdk=iphoneos*]" = "iPhone Developer";
				COPY_PHASE_STRIP = NO;
				DEBUG_INFORMATION_FORMAT = dwarf;
				ENABLE_STRICT_OBJC_MSGSEND = YES;
				ENABLE_TESTABILITY = YES;
				GCC_C_LANGUAGE_STANDARD = gnu99;
				GCC_DYNAMIC_NO_PIC = NO;
				GCC_NO_COMMON_BLOCKS = YES;
				GCC_OPTIMIZATION_LEVEL = 0;
				GCC_PREPROCESSOR_DEFINITIONS = (
					"DEBUG=1",
					"$(inherited)",
				);
				GCC_WARN_64_TO_32_BIT_CONVERSION = YES;
				GCC_WARN_ABOUT_RETURN_TYPE = YES_ERROR;
				GCC_WARN_UNDECLARED_SELECTOR = YES;
				GCC_WARN_UNINITIALIZED_AUTOS = YES_AGGRESSIVE;
				GCC_WARN_UNUSED_FUNCTION = YES;
				GCC_WARN_UNUSED_VARIABLE = YES;
				IPHONEOS_DEPLOYMENT_TARGET = 9.3;
				MTL_ENABLE_DEBUG_INFO = YES;
				ONLY_ACTIVE_ARCH = YES;
				SDKROOT = iphoneos;
				SWIFT_OPTIMIZATION_LEVEL = "-Onone";
			};
			name = Debug;
		};
		94B7F80A1D593F1500BCF2DB /* Release */ = {
			isa = XCBuildConfiguration;
			buildSettings = {
				ALWAYS_SEARCH_USER_PATHS = NO;
				CLANG_ANALYZER_NONNULL = YES;
				CLANG_CXX_LANGUAGE_STANDARD = "gnu++0x";
				CLANG_CXX_LIBRARY = "libc++";
				CLANG_ENABLE_MODULES = YES;
				CLANG_ENABLE_OBJC_ARC = YES;
				CLANG_WARN_BOOL_CONVERSION = YES;
				CLANG_WARN_CONSTANT_CONVERSION = YES;
				CLANG_WARN_DIRECT_OBJC_ISA_USAGE = YES_ERROR;
				CLANG_WARN_EMPTY_BODY = YES;
				CLANG_WARN_ENUM_CONVERSION = YES;
				CLANG_WARN_INT_CONVERSION = YES;
				CLANG_WARN_OBJC_ROOT_CLASS = YES_ERROR;
				CLANG_WARN_UNREACHABLE_CODE = YES;
				CLANG_WARN__DUPLICATE_METHOD_MATCH = YES;
				"CODE_SIGN_IDENTITY[sdk=iphoneos*]" = "iPhone Developer";
				COPY_PHASE_STRIP = NO;
				DEBUG_INFORMATION_FORMAT = "dwarf-with-dsym";
				ENABLE_NS_ASSERTIONS = NO;
				ENABLE_STRICT_OBJC_MSGSEND = YES;
				GCC_C_LANGUAGE_STANDARD = gnu99;
				GCC_NO_COMMON_BLOCKS = YES;
				GCC_WARN_64_TO_32_BIT_CONVERSION = YES;
				GCC_WARN_ABOUT_RETURN_TYPE = YES_ERROR;
				GCC_WARN_UNDECLARED_SELECTOR = YES;
				GCC_WARN_UNINITIALIZED_AUTOS = YES_AGGRESSIVE;
				GCC_WARN_UNUSED_FUNCTION = YES;
				GCC_WARN_UNUSED_VARIABLE = YES;
				IPHONEOS_DEPLOYMENT_TARGET = 9.3;
				MTL_ENABLE_DEBUG_INFO = NO;
				SDKROOT = iphoneos;
				VALIDATE_PRODUCT = YES;
			};
			name = Release;
		};
		94B7F80C1D593F1500BCF2DB /* Debug */ = {
			isa = XCBuildConfiguration;
			buildSettings = {
				ASSETCATALOG_COMPILER_APPICON_NAME = AppIcon;
				INFOPLIST_FILE = class1_simple_app/Info.plist;
				LD_RUNPATH_SEARCH_PATHS = "$(inherited) @executable_path/Frameworks";
				PRODUCT_BUNDLE_IDENTIFIER = "fiap.class1-simple-app";
				PRODUCT_NAME = "$(TARGET_NAME)";
			};
			name = Debug;
		};
		94B7F80D1D593F1500BCF2DB /* Release */ = {
			isa = XCBuildConfiguration;
			buildSettings = {
				ASSETCATALOG_COMPILER_APPICON_NAME = AppIcon;
				INFOPLIST_FILE = class1_simple_app/Info.plist;
				LD_RUNPATH_SEARCH_PATHS = "$(inherited) @executable_path/Frameworks";
				PRODUCT_BUNDLE_IDENTIFIER = "fiap.class1-simple-app";
				PRODUCT_NAME = "$(TARGET_NAME)";
			};
			name = Release;
		};
		94B7F80F1D593F1500BCF2DB /* Debug */ = {
			isa = XCBuildConfiguration;
			buildSettings = {
				BUNDLE_LOADER = "$(TEST_HOST)";
				INFOPLIST_FILE = class1_simple_appTests/Info.plist;
				LD_RUNPATH_SEARCH_PATHS = "$(inherited) @executable_path/Frameworks @loader_path/Frameworks";
				PRODUCT_BUNDLE_IDENTIFIER = "fiap.class1-simple-appTests";
				PRODUCT_NAME = "$(TARGET_NAME)";
				TEST_HOST = "$(BUILT_PRODUCTS_DIR)/class1_simple_app.app/class1_simple_app";
			};
			name = Debug;
		};
		94B7F8101D593F1500BCF2DB /* Release */ = {
			isa = XCBuildConfiguration;
			buildSettings = {
				BUNDLE_LOADER = "$(TEST_HOST)";
				INFOPLIST_FILE = class1_simple_appTests/Info.plist;
				LD_RUNPATH_SEARCH_PATHS = "$(inherited) @executable_path/Frameworks @loader_path/Frameworks";
				PRODUCT_BUNDLE_IDENTIFIER = "fiap.class1-simple-appTests";
				PRODUCT_NAME = "$(TARGET_NAME)";
				TEST_HOST = "$(BUILT_PRODUCTS_DIR)/class1_simple_app.app/class1_simple_app";
			};
			name = Release;
		};
		94B7F8121D593F1500BCF2DB /* Debug */ = {
			isa = XCBuildConfiguration;
			buildSettings = {
				INFOPLIST_FILE = class1_simple_appUITests/Info.plist;
				LD_RUNPATH_SEARCH_PATHS = "$(inherited) @executable_path/Frameworks @loader_path/Frameworks";
				PRODUCT_BUNDLE_IDENTIFIER = "fiap.class1-simple-appUITests";
				PRODUCT_NAME = "$(TARGET_NAME)";
				TEST_TARGET_NAME = class1_simple_app;
			};
			name = Debug;
		};
		94B7F8131D593F1500BCF2DB /* Release */ = {
			isa = XCBuildConfiguration;
			buildSettings = {
				INFOPLIST_FILE = class1_simple_appUITests/Info.plist;
				LD_RUNPATH_SEARCH_PATHS = "$(inherited) @executable_path/Frameworks @loader_path/Frameworks";
				PRODUCT_BUNDLE_IDENTIFIER = "fiap.class1-simple-appUITests";
				PRODUCT_NAME = "$(TARGET_NAME)";
				TEST_TARGET_NAME = class1_simple_app;
			};
			name = Release;
		};
/* End XCBuildConfiguration section */

/* Begin XCConfigurationList section */
		94B7F7DE1D593F1400BCF2DB /* Build configuration list for PBXProject "class1_simple_app" */ = {
			isa = XCConfigurationList;
			buildConfigurations = (
				94B7F8091D593F1500BCF2DB /* Debug */,
				94B7F80A1D593F1500BCF2DB /* Release */,
			);
			defaultConfigurationIsVisible = 0;
			defaultConfigurationName = Release;
		};
		94B7F80B1D593F1500BCF2DB /* Build configuration list for PBXNativeTarget "class1_simple_app" */ = {
			isa = XCConfigurationList;
			buildConfigurations = (
				94B7F80C1D593F1500BCF2DB /* Debug */,
				94B7F80D1D593F1500BCF2DB /* Release */,
			);
			defaultConfigurationIsVisible = 0;
		};
		94B7F80E1D593F1500BCF2DB /* Build configuration list for PBXNativeTarget "class1_simple_appTests" */ = {
			isa = XCConfigurationList;
			buildConfigurations = (
				94B7F80F1D593F1500BCF2DB /* Debug */,
				94B7F8101D593F1500BCF2DB /* Release */,
			);
			defaultConfigurationIsVisible = 0;
		};
		94B7F8111D593F1500BCF2DB /* Build configuration list for PBXNativeTarget "class1_simple_appUITests" */ = {
			isa = XCConfigurationList;
			buildConfigurations = (
				94B7F8121D593F1500BCF2DB /* Debug */,
				94B7F8131D593F1500BCF2DB /* Release */,
			);
			defaultConfigurationIsVisible = 0;
		};
/* End XCConfigurationList section */
	};
	rootObject = 94B7F7DB1D593F1400BCF2DB /* Project object */;
}
